
Microsoft Visual Studio Solution File, Format Version 12.00
# Visual Studio Version 17
VisualStudioVersion = 17.10.35122.118
MinimumVisualStudioVersion = 10.0.40219.1
Project("{FAE04EC0-301F-11D3-BF4B-00C04F79EFBC}") = "Calabonga.Wpf.Mvvm", "Calabonga.Wpf.Mvvm\Calabonga.Wpf.Mvvm\Calabonga.Wpf.Mvvm.csproj", "{E371F0EF-249D-4118-BADC-278F52E08FE0}"
EndProject
Global
	GlobalSection(SolutionConfigurationPlatforms) = preSolution
		Debug|Any CPU = Debug|Any CPU
		Release|Any CPU = Release|Any CPU
	EndGlobalSection
	GlobalSection(ProjectConfigurationPlatforms) = postSolution
		{E371F0EF-249D-4118-BADC-278F52E08FE0}.Debug|Any CPU.ActiveCfg = Debug|Any CPU
		{E371F0EF-249D-4118-BADC-278F52E08FE0}.Debug|Any CPU.Build.0 = Debug|Any CPU
		{E371F0EF-249D-4118-BADC-278F52E08FE0}.Release|Any CPU.ActiveCfg = Release|Any CPU
		{E371F0EF-249D-4118-BADC-278F52E08FE0}.Release|Any CPU.Build.0 = Release|Any CPU
	EndGlobalSection
	GlobalSection(SolutionProperties) = preSolution
		HideSolutionNode = FALSE
	EndGlobalSection
	GlobalSection(ExtensibilityGlobals) = postSolution
		SolutionGuid = {5FB94F0F-4219-4EE1-ADC7-E6C50FFC644D}
	EndGlobalSection
EndGlobal
