
Microsoft Visual Studio Solution File, Format Version 12.00
# Visual Studio Version 17
VisualStudioVersion = 17.10.35122.118
MinimumVisualStudioVersion = 10.0.40219.1
Project("{9A19103F-16F7-4668-BE54-9A1E7A4F7556}") = "Calabonga.Wpf.Mvvm.Template", "Calabonga.Wpf.Mvvm.Template\Calabonga.Wpf.Mvvm.Template.csproj", "{BD191461-7A72-4FF9-9CE4-AFD048EB3B6C}"
EndProject
Global
	GlobalSection(SolutionConfigurationPlatforms) = preSolution
		Debug|Any CPU = Debug|Any CPU
		Release|Any CPU = Release|Any CPU
	EndGlobalSection
	GlobalSection(ProjectConfigurationPlatforms) = postSolution
		{BD191461-7A72-4FF9-9CE4-AFD048EB3B6C}.Debug|Any CPU.ActiveCfg = Debug|Any CPU
		{BD191461-7A72-4FF9-9CE4-AFD048EB3B6C}.Debug|Any CPU.Build.0 = Debug|Any CPU
		{BD191461-7A72-4FF9-9CE4-AFD048EB3B6C}.Release|Any CPU.ActiveCfg = Release|Any CPU
		{BD191461-7A72-4FF9-9CE4-AFD048EB3B6C}.Release|Any CPU.Build.0 = Release|Any CPU
	EndGlobalSection
	GlobalSection(SolutionProperties) = preSolution
		HideSolutionNode = FALSE
	EndGlobalSection
	GlobalSection(ExtensibilityGlobals) = postSolution
		SolutionGuid = {98C6B71D-8E9A-4CD3-AD86-F54B69C26621}
	EndGlobalSection
EndGlobal
